// !$*UTF8*$!
{
	archiveVersion = 1;
	classes = {
	};
	objectVersion = 48;
	objects = {

/* Begin PBXBuildFile section */
		81BF6DFE1FFB8C9400519D03 /* AppDelegate.m in Sources */ = {isa = PBXBuildFile; fileRef = 81BF6DFD1FFB8C9400519D03 /* AppDelegate.m */; };
		81BF6E011FFB8C9400519D03 /* ViewController.m in Sources */ = {isa = PBXBuildFile; fileRef = 81BF6E001FFB8C9400519D03 /* ViewController.m */; };
		81BF6E041FFB8C9400519D03 /* Main.storyboard in Resources */ = {isa = PBXBuildFile; fileRef = 81BF6E021FFB8C9400519D03 /* Main.storyboard */; };
		81BF6E071FFB8C9400519D03 /* UIDynamicDemo.xcdatamodeld in Sources */ = {isa = PBXBuildFile; fileRef = 81BF6E051FFB8C9400519D03 /* UIDynamicDemo.xcdatamodeld */; };
		81BF6E091FFB8C9400519D03 /* Assets.xcassets in Resources */ = {isa = PBXBuildFile; fileRef = 81BF6E081FFB8C9400519D03 /* Assets.xcassets */; };
		81BF6E0C1FFB8C9400519D03 /* LaunchScreen.storyboard in Resources */ = {isa = PBXBuildFile; fileRef = 81BF6E0A1FFB8C9400519D03 /* LaunchScreen.storyboard */; };
		81BF6E0F1FFB8C9400519D03 /* main.m in Sources */ = {isa = PBXBuildFile; fileRef = 81BF6E0E1FFB8C9400519D03 /* main.m */; };
		81BF6E171FFCDA1300519D03 /* UIButton+touchTest.m in Sources */ = {isa = PBXBuildFile; fileRef = 81BF6E161FFCDA1300519D03 /* UIButton+touchTest.m */; };
/* End PBXBuildFile section */

/* Begin PBXFileReference section */
		81BF6DF91FFB8C9300519D03 /* UIDynamicDemo.app */ = {isa = PBXFileReference; explicitFileType = wrapper.application; includeInIndex = 0; path = UIDynamicDemo.app; sourceTree = BUILT_PRODUCTS_DIR; };
		81BF6DFC1FFB8C9400519D03 /* AppDelegate.h */ = {isa = PBXFileReference; lastKnownFileType = sourcecode.c.h; path = AppDelegate.h; sourceTree = "<group>"; };
		81BF6DFD1FFB8C9400519D03 /* AppDelegate.m */ = {isa = PBXFileReference; lastKnownFileType = sourcecode.c.objc; path = AppDelegate.m; sourceTree = "<group>"; };
		81BF6DFF1FFB8C9400519D03 /* ViewController.h */ = {isa = PBXFileReference; lastKnownFileType = sourcecode.c.h; path = ViewController.h; sourceTree = "<group>"; };
		81BF6E001FFB8C9400519D03 /* ViewController.m */ = {isa = PBXFileReference; lastKnownFileType = sourcecode.c.objc; path = ViewController.m; sourceTree = "<group>"; };
		81BF6E031FFB8C9400519D03 /* Base */ = {isa = PBXFileReference; lastKnownFileType = file.storyboard; name = Base; path = Base.lproj/Main.storyboard; sourceTree = "<group>"; };
		81BF6E061FFB8C9400519D03 /* UIDynamicDemo.xcdatamodel */ = {isa = PBXFileReference; lastKnownFileType = wrapper.xcdatamodel; path = UIDynamicDemo.xcdatamodel; sourceTree = "<group>"; };
		81BF6E081FFB8C9400519D03 /* Assets.xcassets */ = {isa = PBXFileReference; lastKnownFileType = folder.assetcatalog; path = Assets.xcassets; sourceTree = "<group>"; };
		81BF6E0B1FFB8C9400519D03 /* Base */ = {isa = PBXFileReference; lastKnownFileType = file.storyboard; name = Base; path = Base.lproj/LaunchScreen.storyboard; sourceTree = "<group>"; };
		81BF6E0D1FFB8C9400519D03 /* Info.plist */ = {isa = PBXFileReference; lastKnownFileType = text.plist.xml; path = Info.plist; sourceTree = "<group>"; };
		81BF6E0E1FFB8C9400519D03 /* main.m */ = {isa = PBXFileReference; lastKnownFileType = sourcecode.c.objc; path = main.m; sourceTree = "<group>"; };
		81BF6E151FFCDA1300519D03 /* UIButton+touchTest.h */ = {isa = PBXFileReference; lastKnownFileType = sourcecode.c.h; path = "UIButton+touchTest.h"; sourceTree = "<group>"; };
		81BF6E161FFCDA1300519D03 /* UIButton+touchTest.m */ = {isa = PBXFileReference; lastKnownFileType = sourcecode.c.objc; path = "UIButton+touchTest.m"; sourceTree = "<group>"; };
/* End PBXFileReference section */

/* Begin PBXFrameworksBuildPhase section */
		81BF6DF61FFB8C9300519D03 /* Frameworks */ = {
			isa = PBXFrameworksBuildPhase;
			buildActionMask = 2147483647;
			files = (
			);
			runOnlyForDeploymentPostprocessing = 0;
		};
/* End PBXFrameworksBuildPhase section */

/* Begin PBXGroup section */
		81BF6DF01FFB8C9300519D03 = {
			isa = PBXGroup;
			children = (
				81BF6DFB1FFB8C9300519D03 /* UIDynamicDemo */,
				81BF6DFA1FFB8C9300519D03 /* Products */,
			);
			sourceTree = "<group>";
		};
		81BF6DFA1FFB8C9300519D03 /* Products */ = {
			isa = PBXGroup;
			children = (
				81BF6DF91FFB8C9300519D03 /* UIDynamicDemo.app */,
			);
			name = Products;
			sourceTree = "<group>";
		};
		81BF6DFB1FFB8C9300519D03 /* UIDynamicDemo */ = {
			isa = PBXGroup;
			children = (
				81BF6DFC1FFB8C9400519D03 /* AppDelegate.h */,
				81BF6DFD1FFB8C9400519D03 /* AppDelegate.m */,
				81BF6DFF1FFB8C9400519D03 /* ViewController.h */,
				81BF6E001FFB8C9400519D03 /* ViewController.m */,
				81BF6E151FFCDA1300519D03 /* UIButton+touchTest.h */,
				81BF6E161FFCDA1300519D03 /* UIButton+touchTest.m */,
				81BF6E021FFB8C9400519D03 /* Main.storyboard */,
				81BF6E081FFB8C9400519D03 /* Assets.xcassets */,
				81BF6E0A1FFB8C9400519D03 /* LaunchScreen.storyboard */,
				81BF6E0D1FFB8C9400519D03 /* Info.plist */,
				81BF6E0E1FFB8C9400519D03 /* main.m */,
				81BF6E051FFB8C9400519D03 /* UIDynamicDemo.xcdatamodeld */,
			);
			path = UIDynamicDemo;
			sourceTree = "<group>";
		};
/* End PBXGroup section */

/* Begin PBXNativeTarget section */
		81BF6DF81FFB8C9300519D03 /* UIDynamicDemo */ = {
			isa = PBXNativeTarget;
			buildConfigurationList = 81BF6E121FFB8C9400519D03 /* Build configuration list for PBXNativeTarget "UIDynamicDemo" */;
			buildPhases = (
				81BF6DF51FFB8C9300519D03 /* Sources */,
				81BF6DF61FFB8C9300519D03 /* Frameworks */,
				81BF6DF71FFB8C9300519D03 /* Resources */,
			);
			buildRules = (
			);
			dependencies = (
			);
			name = UIDynamicDemo;
			productName = UIDynamicDemo;
			productReference = 81BF6DF91FFB8C9300519D03 /* UIDynamicDemo.app */;
			productType = "com.apple.product-type.application";
		};
/* End PBXNativeTarget section */

/* Begin PBXProject section */
		81BF6DF11FFB8C9300519D03 /* Project object */ = {
			isa = PBXProject;
			attributes = {
				LastUpgradeCheck = 0910;
				ORGANIZATIONNAME = ZhangChuan;
				TargetAttributes = {
					81BF6DF81FFB8C9300519D03 = {
						CreatedOnToolsVersion = 9.1;
						ProvisioningStyle = Automatic;
					};
				};
			};
			buildConfigurationList = 81BF6DF41FFB8C9300519D03 /* Build configuration list for PBXProject "UIDynamicDemo" */;
			compatibilityVersion = "Xcode 8.0";
			developmentRegion = en;
			hasScannedForEncodings = 0;
			knownRegions = (
				en,
				Base,
			);
			mainGroup = 81BF6DF01FFB8C9300519D03;
			productRefGroup = 81BF6DFA1FFB8C9300519D03 /* Products */;
			projectDirPath = "";
			projectRoot = "";
			targets = (
				81BF6DF81FFB8C9300519D03 /* UIDynamicDemo */,
			);
		};
/* End PBXProject section */

/* Begin PBXResourcesBuildPhase section */
		81BF6DF71FFB8C9300519D03 /* Resources */ = {
			isa = PBXResourcesBuildPhase;
			buildActionMask = 2147483647;
			files = (
				81BF6E0C1FFB8C9400519D03 /* LaunchScreen.storyboard in Resources */,
				81BF6E091FFB8C9400519D03 /* Assets.xcassets in Resources */,
				81BF6E041FFB8C9400519D03 /* Main.storyboard in Resources */,
			);
			runOnlyForDeploymentPostprocessing = 0;
		};
/* End PBXResourcesBuildPhase section */

/* Begin PBXSourcesBuildPhase section */
		81BF6DF51FFB8C9300519D03 /* Sources */ = {
			isa = PBXSourcesBuildPhase;
			buildActionMask = 2147483647;
			files = (
				81BF6E071FFB8C9400519D03 /* UIDynamicDemo.xcdatamodeld in Sources */,
				81BF6E011FFB8C9400519D03 /* ViewController.m in Sources */,
				81BF6E0F1FFB8C9400519D03 /* main.m in Sources */,
				81BF6DFE1FFB8C9400519D03 /* AppDelegate.m in Sources */,
				81BF6E171FFCDA1300519D03 /* UIButton+touchTest.m in Sources */,
			);
			runOnlyForDeploymentPostprocessing = 0;
		};
/* End PBXSourcesBuildPhase section */

/* Begin PBXVariantGroup section */
		81BF6E021FFB8C9400519D03 /* Main.storyboard */ = {
			isa = PBXVariantGroup;
			children = (
				81BF6E031FFB8C9400519D03 /* Base */,
			);
			name = Main.storyboard;
			sourceTree = "<group>";
		};
		81BF6E0A1FFB8C9400519D03 /* LaunchScreen.storyboard */ = {
			isa = PBXVariantGroup;
			children = (
				81BF6E0B1FFB8C9400519D03 /* Base */,
			);
			name = LaunchScreen.storyboard;
			sourceTree = "<group>";
		};
/* End PBXVariantGroup section */

/* Begin XCBuildConfiguration section */
		81BF6E101FFB8C9400519D03 /* Debug */ = {
			isa = XCBuildConfiguration;
			buildSettings = {
				ALWAYS_SEARCH_USER_PATHS = NO;
				CLANG_ANALYZER_NONNULL = YES;
				CLANG_ANALYZER_NUMBER_OBJECT_CONVERSION = YES_AGGRESSIVE;
				CLANG_CXX_LANGUAGE_STANDARD = "gnu++14";
				CLANG_CXX_LIBRARY = "libc++";
				CLANG_ENABLE_MODULES = YES;
				CLANG_ENABLE_OBJC_ARC = YES;
				CLANG_WARN_BLOCK_CAPTURE_AUTORELEASING = YES;
				CLANG_WARN_BOOL_CONVERSION = YES;
				CLANG_WARN_COMMA = YES;
				CLANG_WARN_CONSTANT_CONVERSION = YES;
				CLANG_WARN_DIRECT_OBJC_ISA_USAGE = YES_ERROR;
				CLANG_WARN_DOCUMENTATION_COMMENTS = YES;
				CLANG_WARN_EMPTY_BODY = YES;
				CLANG_WARN_ENUM_CONVERSION = YES;
				CLANG_WARN_INFINITE_RECURSION = YES;
				CLANG_WARN_INT_CONVERSION = YES;
				CLANG_WARN_NON_LITERAL_NULL_CONVERSION = YES;
				CLANG_WARN_OBJC_LITERAL_CONVERSION = YES;
				CLANG_WARN_OBJC_ROOT_CLASS = YES_ERROR;
				CLANG_WARN_RANGE_LOOP_ANALYSIS = YES;
				CLANG_WARN_STRICT_PROTOTYPES = YES;
				CLANG_WARN_SUSPICIOUS_MOVE = YES;
				CLANG_WARN_UNGUARDED_AVAILABILITY = YES_AGGRESSIVE;
				CLANG_WARN_UNREACHABLE_CODE = YES;
				CLANG_WARN__DUPLICATE_METHOD_MATCH = YES;
				CODE_SIGN_IDENTITY = "iPhone Developer";
				COPY_PHASE_STRIP = NO;
				DEBUG_INFORMATION_FORMAT = dwarf;
				ENABLE_STRICT_OBJC_MSGSEND = YES;
				ENABLE_TESTABILITY = YES;
				GCC_C_LANGUAGE_STANDARD = gnu11;
				GCC_DYNAMIC_NO_PIC = NO;
				GCC_NO_COMMON_BLOCKS = YES;
				GCC_OPTIMIZATION_LEVEL = 0;
				GCC_PREPROCESSOR_DEFINITIONS = (
					"DEBUG=1",
					"$(inherited)",
				);
				GCC_WARN_64_TO_32_BIT_CONVERSION = YES;
				GCC_WARN_ABOUT_RETURN_TYPE = YES_ERROR;
				GCC_WARN_UNDECLARED_SELECTOR = YES;
				GCC_WARN_UNINITIALIZED_AUTOS = YES_AGGRESSIVE;
				GCC_WARN_UNUSED_FUNCTION = YES;
				GCC_WARN_UNUSED_VARIABLE = YES;
				IPHONEOS_DEPLOYMENT_TARGET = 11.1;
				MTL_ENABLE_DEBUG_INFO = YES;
				ONLY_ACTIVE_ARCH = YES;
				SDKROOT = iphoneos;
			};
			name = Debug;
		};
		81BF6E111FFB8C9400519D03 /* Release */ = {
			isa = XCBuildConfiguration;
			buildSettings = {
				ALWAYS_SEARCH_USER_PATHS = NO;
				CLANG_ANALYZER_NONNULL = YES;
				CLANG_ANALYZER_NUMBER_OBJECT_CONVERSION = YES_AGGRESSIVE;
				CLANG_CXX_LANGUAGE_STANDARD = "gnu++14";
				CLANG_CXX_LIBRARY = "libc++";
				CLANG_ENABLE_MODULES = YES;
				CLANG_ENABLE_OBJC_ARC = YES;
				CLANG_WARN_BLOCK_CAPTURE_AUTORELEASING = YES;
				CLANG_WARN_BOOL_CONVERSION = YES;
				CLANG_WARN_COMMA = YES;
				CLANG_WARN_CONSTANT_CONVERSION = YES;
				CLANG_WARN_DIRECT_OBJC_ISA_USAGE = YES_ERROR;
				CLANG_WARN_DOCUMENTATION_COMMENTS = YES;
				CLANG_WARN_EMPTY_BODY = YES;
				CLANG_WARN_ENUM_CONVERSION = YES;
				CLANG_WARN_INFINITE_RECURSION = YES;
				CLANG_WARN_INT_CONVERSION = YES;
				CLANG_WARN_NON_LITERAL_NULL_CONVERSION = YES;
				CLANG_WARN_OBJC_LITERAL_CONVERSION = YES;
				CLANG_WARN_OBJC_ROOT_CLASS = YES_ERROR;
				CLANG_WARN_RANGE_LOOP_ANALYSIS = YES;
				CLANG_WARN_STRICT_PROTOTYPES = YES;
				CLANG_WARN_SUSPICIOUS_MOVE = YES;
				CLANG_WARN_UNGUARDED_AVAILABILITY = YES_AGGRESSIVE;
				CLANG_WARN_UNREACHABLE_CODE = YES;
				CLANG_WARN__DUPLICATE_METHOD_MATCH = YES;
				CODE_SIGN_IDENTITY = "iPhone Developer";
				COPY_PHASE_STRIP = NO;
				DEBUG_INFORMATION_FORMAT = "dwarf-with-dsym";
				ENABLE_NS_ASSERTIONS = NO;
				ENABLE_STRICT_OBJC_MSGSEND = YES;
				GCC_C_LANGUAGE_STANDARD = gnu11;
				GCC_NO_COMMON_BLOCKS = YES;
				GCC_WARN_64_TO_32_BIT_CONVERSION = YES;
				GCC_WARN_ABOUT_RETURN_TYPE = YES_ERROR;
				GCC_WARN_UNDECLARED_SELECTOR = YES;
				GCC_WARN_UNINITIALIZED_AUTOS = YES_AGGRESSIVE;
				GCC_WARN_UNUSED_FUNCTION = YES;
				GCC_WARN_UNUSED_VARIABLE = YES;
				IPHONEOS_DEPLOYMENT_TARGET = 11.1;
				MTL_ENABLE_DEBUG_INFO = NO;
				SDKROOT = iphoneos;
				VALIDATE_PRODUCT = YES;
			};
			name = Release;
		};
		81BF6E131FFB8C9400519D03 /* Debug */ = {
			isa = XCBuildConfiguration;
			buildSettings = {
				ASSETCATALOG_COMPILER_APPICON_NAME = AppIcon;
				CODE_SIGN_STYLE = Automatic;
				DEVELOPMENT_TEAM = UN98Y2FA43;
				INFOPLIST_FILE = UIDynamicDemo/Info.plist;
				IPHONEOS_DEPLOYMENT_TARGET = 9.0;
				LD_RUNPATH_SEARCH_PATHS = "$(inherited) @executable_path/Frameworks";
				PRODUCT_BUNDLE_IDENTIFIER = ZhangChuan.UIDynamicDemo;
				PRODUCT_NAME = "$(TARGET_NAME)";
				TARGETED_DEVICE_FAMILY = "1,2";
			};
			name = Debug;
		};
		81BF6E141FFB8C9400519D03 /* Release */ = {
			isa = XCBuildConfiguration;
			buildSettings = {
				ASSETCATALOG_COMPILER_APPICON_NAME = AppIcon;
				CODE_SIGN_STYLE = Automatic;
				DEVELOPMENT_TEAM = UN98Y2FA43;
				INFOPLIST_FILE = UIDynamicDemo/Info.plist;
				IPHONEOS_DEPLOYMENT_TARGET = 9.0;
				LD_RUNPATH_SEARCH_PATHS = "$(inherited) @executable_path/Frameworks";
				PRODUCT_BUNDLE_IDENTIFIER = ZhangChuan.UIDynamicDemo;
				PRODUCT_NAME = "$(TARGET_NAME)";
				TARGETED_DEVICE_FAMILY = "1,2";
			};
			name = Release;
		};
/* End XCBuildConfiguration section */

/* Begin XCConfigurationList section */
		81BF6DF41FFB8C9300519D03 /* Build configuration list for PBXProject "UIDynamicDemo" */ = {
			isa = XCConfigurationList;
			buildConfigurations = (
				81BF6E101FFB8C9400519D03 /* Debug */,
				81BF6E111FFB8C9400519D03 /* Release */,
			);
			defaultConfigurationIsVisible = 0;
			defaultConfigurationName = Release;
		};
		81BF6E121FFB8C9400519D03 /* Build configuration list for PBXNativeTarget "UIDynamicDemo" */ = {
			isa = XCConfigurationList;
			buildConfigurations = (
				81BF6E131FFB8C9400519D03 /* Debug */,
				81BF6E141FFB8C9400519D03 /* Release */,
			);
			defaultConfigurationIsVisible = 0;
			defaultConfigurationName = Release;
		};
/* End XCConfigurationList section */

/* Begin XCVersionGroup section */
		81BF6E051FFB8C9400519D03 /* UIDynamicDemo.xcdatamodeld */ = {
			isa = XCVersionGroup;
			children = (
				81BF6E061FFB8C9400519D03 /* UIDynamicDemo.xcdatamodel */,
			);
			currentVersion = 81BF6E061FFB8C9400519D03 /* UIDynamicDemo.xcdatamodel */;
			path = UIDynamicDemo.xcdatamodeld;
			sourceTree = "<group>";
			versionGroupType = wrapper.xcdatamodel;
		};
/* End XCVersionGroup section */
	};
	rootObject = 81BF6DF11FFB8C9300519D03 /* Project object */;
}
